{
  "name": "glens",
  "version": "1.0.0",
  "lockfileVersion": 1,
  "requires": true,
  "dependencies": {
    "@babel/runtime": {
      "version": "7.10.4",
      "resolved": "http://10.186.61.181:8081/repository/npm-public/@babel/runtime/-/runtime-7.10.4.tgz",
      "integrity": "sha512-UpTN5yUJr9b4EX2CnGNWIvER7Ab83ibv0pcvvHc4UOdrBI5jb8bj+32cCwPX6xu0mt2daFNjYhoi+X7beH0RSw==",
      "requires": {
        "regenerator-runtime": "^0.13.4"
      },
      "dependencies": {
        "regenerator-runtime": {
          "version": "0.13.5",
          "resolved": "http://10.186.61.181:8081/repository/npm-public/regenerator-runtime/-/regenerator-runtime-0.13.5.tgz",
          "integrity": "sha512-ZS5w8CpKFinUzOwW3c83oPeVXoNsrLsaCoLtJvAClH135j/R77RuymhiSErhm2lKcwSCIpmvIWSbDkIfAqKQlA=="
        }
      }
    },
    "@vant/icons": {
      "version": "1.2.3",
      "resolved": "http://10.186.61.181:8081/repository/npm-public/@vant/icons/-/icons-1.2.3.tgz",
      "integrity": "sha512-LMu1JGGgZqLYXVFRcuNRDCOWE7AX0vt/gFBkd9xMI7H9uMdNx2oO3YujgNVvVrrF8iufHwfwUv41HiwYMvU3zQ=="
    },
    "@vue/babel-helper-vue-jsx-merge-props": {
      "version": "1.0.0",
      "resolved": "http://10.186.61.181:8081/repository/npm-public/@vue/babel-helper-vue-jsx-merge-props/-/babel-helper-vue-jsx-merge-props-1.0.0.tgz",
      "integrity": "sha512-6tyf5Cqm4m6v7buITuwS+jHzPlIPxbFzEhXR5JGZpbrvOcp1hiQKckd305/3C7C36wFekNTQSxAtgeM0j0yoUw=="
    },
    "vant": {
      "version": "2.9.1",
      "resolved": "http://10.186.61.181:8081/repository/npm-public/vant/-/vant-2.9.1.tgz",
      "integrity": "sha512-ftkJItiFMyBjkk98goR7/65TCtCf5VziBNXBwV4x1N11k5UzYpfwWMA0TJgRES6EGZS6P785ddkaMg1xZYq98Q==",
      "requires": {
        "@babel/runtime": "7.x",
        "@vant/icons": "1.2.3",
        "@vue/babel-helper-vue-jsx-merge-props": "^1.0.0",
        "vue-lazyload": "1.2.3"
      }
    },
    "vue-lazyload": {
      "version": "1.2.3",
      "resolved": "http://10.186.61.181:8081/repository/npm-public/vue-lazyload/-/vue-lazyload-1.2.3.tgz",
      "integrity": "sha512-DC0ZwxanbRhx79tlA3zY5OYJkH8FYp3WBAnAJbrcuoS8eye1P73rcgAZhyxFSPUluJUTelMB+i/+VkNU/qVm7g=="
    }
  }
}
